
Microsoft Visual Studio Solution File, Format Version 12.00
# Visual Studio Version 16
VisualStudioVersion = 16.0.32901.82
MinimumVisualStudioVersion = 10.0.40219.1
Project("{FAE04EC0-301F-11D3-BF4B-00C04F79EFBC}") = "Project_new", "Project_new\Project_new.csproj", "{41AC1E68-43C6-44AC-BFF4-DC1C0F1DA0CD}"
EndProject
Global
	GlobalSection(SolutionConfigurationPlatforms) = preSolution
		Debug|Any CPU = Debug|Any CPU
		Release|Any CPU = Release|Any CPU
	EndGlobalSection
	GlobalSection(ProjectConfigurationPlatforms) = postSolution
		{41AC1E68-43C6-44AC-BFF4-DC1C0F1DA0CD}.Debug|Any CPU.ActiveCfg = Debug|Any CPU
		{41AC1E68-43C6-44AC-BFF4-DC1C0F1DA0CD}.Debug|Any CPU.Build.0 = Debug|Any CPU
		{41AC1E68-43C6-44AC-BFF4-DC1C0F1DA0CD}.Release|Any CPU.ActiveCfg = Release|Any CPU
		{41AC1E68-43C6-44AC-BFF4-DC1C0F1DA0CD}.Release|Any CPU.Build.0 = Release|Any CPU
	EndGlobalSection
	GlobalSection(SolutionProperties) = preSolution
		HideSolutionNode = FALSE
	EndGlobalSection
	GlobalSection(ExtensibilityGlobals) = postSolution
		SolutionGuid = {58849038-1347-443E-A114-79D0C8087111}
	EndGlobalSection
EndGlobal
